lockfileVersion: 5.3

specifiers:
  '@tinyhttp/app': ^1.3.7
  '@tinyhttp/cors': ^1.3.0
  '@tinyhttp/logger': ^1.3.0
  dotenv: ^10.0.0
  milliparsec: ^2.0.5
  pg: ^8.6.0
  tinyws: ^0.0.4
  ws: ^7.4.6

dependencies:
  '@tinyhttp/app': 1.3.7
  '@tinyhttp/cors': 1.3.0
  '@tinyhttp/logger': 1.3.0
  dotenv: 10.0.0
  milliparsec: 2.0.5
  pg: 8.6.0
  tinyws: 0.0.4_ws@7.4.6
  ws: 7.4.6

packages:

  /@tinyhttp/accepts/1.3.0:
    resolution: {integrity: sha512-YaJ4EMgVUI6JHzWO14lr6vn/BLJEoFN4Sqd20l0/oBcLLENkP8gnPtX1jB7OhIu0AE40VCweAqvSP+0/pgzB1g==}
    engines: {node: '>=12.4.0'}
    dependencies:
      es-mime-types: 0.0.16
      negotiator: 0.6.2
    dev: false

  /@tinyhttp/app/1.3.7:
    resolution: {integrity: sha512-L91UA3cY/4SrUE9vQ8FBWq52HQQufMwP4TZObDzqzLPVWOnTZ2yt5vpWE4WozTrrHA5rm7+w8GjW/C/xSEkzVw==}
    engines: {node: '>=12.x'}
    dependencies:
      '@tinyhttp/cookie': 1.3.0
      '@tinyhttp/proxy-addr': 1.3.0
      '@tinyhttp/req': 1.3.1
      '@tinyhttp/res': 1.3.1
      '@tinyhttp/router': 1.3.3
      regexparam: 2.0.0
    dev: false

  /@tinyhttp/content-disposition/1.3.0:
    resolution: {integrity: sha512-sSj7YDVz7NcHDn6/O/I3WjtC8ZWJKKIGULoV+pgrLvJvtXK5WroE1Fm8rHRQewh2d9NMajh/7NX6NuSlF8LUaQ==}
    engines: {node: '>=12.4.0'}
    dev: false

  /@tinyhttp/cookie-signature/1.3.0:
    resolution: {integrity: sha512-xCQZyCT1S/Rn2Z3SX2gp4IDAwW9AUnjky6hKvqzmMaQqEbIk7e2GCOXW5yjndbfGNTJAxj0tuLNMF4G8aLkfMw==}
    engines: {node: '>=12.4.0'}
    dev: false

  /@tinyhttp/cookie/1.3.0:
    resolution: {integrity: sha512-4ZVfP8WApV9ZRchv/1i0QiKdP0wxWTUNv4ZsMQrqK0p1KXA0/SvpYUTS6bp1E6Yo0dNxcKte4wJ4FCWFDcShhQ==}
    engines: {node: '>=12.4.0'}
    dev: false

  /@tinyhttp/cors/1.3.0:
    resolution: {integrity: sha512-skN5VRjOWKPIHa4zmBGLBsx4NKPEGQUkpHRRmgPs0wOHkGSAGOfriritR61QxY5yXgRMukQM3gfULHepRLJuWg==}
    engines: {node: '>=12.4.0'}
    dependencies:
      es-vary: 0.0.8
    dev: false

  /@tinyhttp/encode-url/0.3.0:
    resolution: {integrity: sha512-QM5j5t0GLucBuBePoOilcz1/zDpqX+LtUdtkPn7IvoHTNJYNxEfSUmIMPUPhyVY7mvbwvafPUCK8u1Byx0+NfQ==}
    engines: {node: '>=12.4.0'}
    dev: false

  /@tinyhttp/etag/1.3.0:
    resolution: {integrity: sha512-aWnDb4NuMf/UTm1H88rZgqu32E6t3iDHSHtAppiQCH4M7jRfTUEpiZjz//S+giDnOxAuYttLrXQ1+HGpgzyYUQ==}
    engines: {node: '>=12.4.0'}
    dev: false

  /@tinyhttp/forwarded/1.3.0:
    resolution: {integrity: sha512-U2FPtOH+DoFtd98edMRyqiquRaiuEl5I2PMUWdKaBSpiAIR96buyanQ7hScenz1MihK0AVid7wLAviaJU+Xlyg==}
    engines: {node: '>=12.4.0'}
    dev: false

  /@tinyhttp/logger/1.3.0:
    resolution: {integrity: sha512-u8vbW8OEPur3ZlkJGNO+Nl/xw78cdIaDAcWMUEg7o3UY9L5xezMQcLBPX8ykJLEB+Yl+BDmTvt1s1LzkwM6mNQ==}
    engines: {node: '>=12.4.0'}
    dependencies:
      colorette: 1.2.2
      dayjs: 1.10.5
      http-status-emojis: 2.2.0
    dev: false

  /@tinyhttp/proxy-addr/1.3.0:
    resolution: {integrity: sha512-7Kv6YIC/PlhUwyqAGXhg4DoQDOzbYlcGPkNv/KZAMFj9fZ6IEZyneyaClnD21hMT8qa7g3Z/66hxLa/WxiPAYA==}
    engines: {node: '>=12.4.0'}
    dependencies:
      '@tinyhttp/forwarded': 1.3.0
      ipaddr.js: 2.0.0
    dev: false

  /@tinyhttp/req/1.3.1:
    resolution: {integrity: sha512-nNIf3OGBtiQ9WRdqAH/cqwRXgIjQi9oQYslHdGsOzu79MZRvbkco+6FUEYvkQ9N6rLfAL+xjAXkCUk+gDJ0eLA==}
    engines: {node: '>=12.4.0'}
    dependencies:
      '@tinyhttp/accepts': 1.3.0
      '@tinyhttp/type-is': 1.3.0
      '@tinyhttp/url': 1.3.1
      es-fresh: 0.0.8
      range-parser: 1.2.1
    dev: false

  /@tinyhttp/res/1.3.1:
    resolution: {integrity: sha512-HwPZ0m5xLpmK/5rePsrUbhdoh+WadG6TTk3TMnyY3OKwtziPKOXA3EV9r2Uqbl2lQFaVKZm3dS0MnG85IIKD/Q==}
    engines: {node: '>=12.4.0'}
    dependencies:
      '@tinyhttp/content-disposition': 1.3.0
      '@tinyhttp/cookie': 1.3.0
      '@tinyhttp/cookie-signature': 1.3.0
      '@tinyhttp/encode-url': 0.3.0
      '@tinyhttp/req': 1.3.1
      '@tinyhttp/send': 1.3.0
      es-mime-types: 0.0.16
      es-vary: 0.0.8
      escape-html: 1.0.3
    dev: false

  /@tinyhttp/router/1.3.3:
    resolution: {integrity: sha512-Wjch7WR8DDkQm5xeNy4i/RrYQGmNrUhqzqls+UBZW14mULjUUtKoTlDOg59RxsPx2NmzdoDbIW4jTpbw+VyNHg==}
    engines: {node: '>=12.4.0'}
    dev: false

  /@tinyhttp/send/1.3.0:
    resolution: {integrity: sha512-3Tn8NaLhNdcIJQqc/3ZBFV0hX6jCaFNDX5/vWxoPubDrh8HOpn2foPXL7ZIRk8GDkaB/M3cSzKIlKpnTKmh0Nw==}
    engines: {node: '>=12.4.0'}
    dependencies:
      '@tinyhttp/etag': 1.3.0
      es-content-type: 0.0.10
      es-mime-types: 0.0.16
    dev: false

  /@tinyhttp/type-is/1.3.0:
    resolution: {integrity: sha512-3NClOYPNJst9vVLcb793epRI+ZuRwl6IjxSq9LkGN8TEBbtNgv2vTmXZRWcUs2zY9Ju+NQIYecWcsG0Kx23E+g==}
    engines: {node: '>=12.4.0'}
    dependencies:
      es-content-type: 0.0.10
      es-mime-types: 0.0.16
    dev: false

  /@tinyhttp/url/1.3.1:
    resolution: {integrity: sha512-72XRyVFLqbm8C9FQHYgfKNNIZBKuct13/EcA4tPnF9o8dIcL7UJtXCf+kQjdMZPJzJn51c451sxjm5p4dldbvQ==}
    engines: {node: '>=12.4.0'}
    dev: false

  /accepts/1.3.7:
    resolution: {integrity: sha512-Il80Qs2WjYlJIBNzNkK6KYqlVMTbZLXgHx2oT0pU/fjRHyEp+PEfEPY0R3WCwAGVOtauxh1hOxNgIf5bv7dQpA==}
    engines: {node: '>= 0.6'}
    dependencies:
      mime-types: 2.1.31
      negotiator: 0.6.2
    dev: false
    optional: true

  /any-promise/1.3.0:
    resolution: {integrity: sha1-q8av7tzqUugJzcA3au0845Y10X8=}
    dev: false
    optional: true

  /buffer-writer/2.0.0:
    resolution: {integrity: sha512-a7ZpuTZU1TRtnwyCNW3I5dc0wWNC3VR9S++Ewyk2HHZdrO3CQJqSpd+95Us590V6AL7JqUAH2IwZ/398PmNFgw==}
    engines: {node: '>=4'}
    dev: false

  /cache-content-type/1.0.1:
    resolution: {integrity: sha512-IKufZ1o4Ut42YUrZSo8+qnMTrFuKkvyoLXUywKz9GJ5BrhOFGhLdkx9sG4KAnVvbY6kEcSFjLQul+DVmBm2bgA==}
    engines: {node: '>= 6.0.0'}
    dependencies:
      mime-types: 2.1.31
      ylru: 1.2.1
    dev: false
    optional: true

  /co/4.6.0:
    resolution: {integrity: sha1-bqa989hTrlTMuOR7+gvz+QMfsYQ=}
    engines: {iojs: '>= 1.0.0', node: '>= 0.12.0'}
    dev: false
    optional: true

  /colorette/1.2.2:
    resolution: {integrity: sha512-MKGMzyfeuutC/ZJ1cba9NqcNpfeqMUcYmyF1ZFY6/Cn7CNSAKx6a+s48sqLqyAiZuaP2TcqMhoo+dlwFnVxT9w==}
    dev: false

  /content-disposition/0.5.3:
    resolution: {integrity: sha512-ExO0774ikEObIAEV9kDo50o+79VCUdEB6n6lzKgGwupcVeRlhrj3qGAfwq8G6uBJjkqLrhT0qEYFcWng8z1z0g==}
    engines: {node: '>= 0.6'}
    dependencies:
      safe-buffer: 5.1.2
    dev: false
    optional: true

  /content-type/1.0.4:
    resolution: {integrity: sha512-hIP3EEPs8tB9AT1L+NUqtwOAps4mk2Zob89MWXMHjHWg9milF/j4osnnQLXBCBFBk/tvIG/tUc9mOUJiPBhPXA==}
    engines: {node: '>= 0.6'}
    dev: false
    optional: true

  /cookies/0.8.0:
    resolution: {integrity: sha512-8aPsApQfebXnuI+537McwYsDtjVxGm8gTIzQI3FDW6t5t/DAhERxtnbEPN/8RX+uZthoz4eCOgloXaE5cYyNow==}
    engines: {node: '>= 0.8'}
    dependencies:
      depd: 2.0.0
      keygrip: 1.1.0
    dev: false
    optional: true

  /dayjs/1.10.5:
    resolution: {integrity: sha512-BUFis41ikLz+65iH6LHQCDm4YPMj5r1YFLdupPIyM4SGcXMmtiLQ7U37i+hGS8urIuqe7I/ou3IS1jVc4nbN4g==}
    dev: false

  /debug/3.1.0:
    resolution: {integrity: sha512-OX8XqP7/1a9cqkxYw2yXss15f26NKWBpDXQd0/uK/KPqdQhxbPa994hnzjcE2VqQpDslf55723cKPUOGSmMY3g==}
    dependencies:
      ms: 2.0.0
    dev: false
    optional: true

  /deep-equal/1.0.1:
    resolution: {integrity: sha1-9dJgKStmDghO/0zbyfCK0yR0SLU=}
    dev: false
    optional: true

  /delegates/1.0.0:
    resolution: {integrity: sha1-hMbhWbgZBP3KWaDvRM2HDTElD5o=}
    dev: false
    optional: true

  /depd/1.1.2:
    resolution: {integrity: sha1-m81S4UwJd2PnSbJ0xDRu0uVgtak=}
    engines: {node: '>= 0.6'}
    dev: false
    optional: true

  /depd/2.0.0:
    resolution: {integrity: sha512-g7nH6P6dyDioJogAAGprGpCtVImJhpPk/roCzdb3fIh61/s/nPsfR6onyMwkCAR/OlC3yBC0lESvUoQEAssIrw==}
    engines: {node: '>= 0.8'}
    dev: false
    optional: true

  /destroy/1.0.4:
    resolution: {integrity: sha1-l4hXRCxEdJ5CBmE+N5RiBYJqvYA=}
    dev: false
    optional: true

  /dotenv/10.0.0:
    resolution: {integrity: sha512-rlBi9d8jpv9Sf1klPjNfFAuWDjKLwTIJJ/VxtoTwIR6hnZxcEOQCZg2oIL3MWBYw5GpUDKOEnND7LXTbIpQ03Q==}
    engines: {node: '>=10'}
    dev: false

  /ee-first/1.1.1:
    resolution: {integrity: sha1-WQxhFWsK4vTwJVcyoViyZrxWsh0=}
    dev: false
    optional: true

  /encodeurl/1.0.2:
    resolution: {integrity: sha1-rT/0yG7C0CkyL1oCw6mmBslbP1k=}
    engines: {node: '>= 0.8'}
    dev: false
    optional: true

  /es-content-type/0.0.10:
    resolution: {integrity: sha512-yCgcv1M2IuFUoGZ3zE4OR2INGmZOwEuyaE5WX4MOKGpJcO8JXgVOIcXVicwnTqlxvx6qs9IJGl/Rr1+YtCkRgg==}
    engines: {node: '>=12.x'}
    dev: false

  /es-fresh/0.0.8:
    resolution: {integrity: sha512-ZM+K/T/zHJVuOhaz19iymidACazB1fl2uihBtSfRie8YzN1YM+KldVmNaU+GSmVvTOPSO2utKOhxcOinr5tKjw==}
    engines: {node: '>=12.x'}
    dev: false

  /es-mime-types/0.0.16:
    resolution: {integrity: sha512-84QoSLeA7cdTeHpALFNl3ZOstXfvLt426/kaOgmSxmNUOhi4GesKVkhJgIfnsqGNziYezVA8rvZUsXj7oWX2qQ==}
    engines: {node: '>=12.x'}
    dependencies:
      mime-db: 1.48.0
    dev: false

  /es-vary/0.0.8:
    resolution: {integrity: sha512-fiERjQiCHrXUAToNRT/sh7MtXnfei9n7cF9oVQRUEp9L5BGXsTKSPaXq8L+4v0c/ezfvuTWd/f0JSl5IBRUvSg==}
    engines: {node: '>=12.x'}
    dev: false

  /escape-html/1.0.3:
    resolution: {integrity: sha1-Aljq5NPQwJdN4cFpGI7wBR0dGYg=}
    dev: false

  /fresh/0.5.2:
    resolution: {integrity: sha1-PYyt2Q2XZWn6g1qx+OSyOhBWBac=}
    engines: {node: '>= 0.6'}
    dev: false
    optional: true

  /http-assert/1.4.1:
    resolution: {integrity: sha512-rdw7q6GTlibqVVbXr0CKelfV5iY8G2HqEUkhSk297BMbSpSL8crXC+9rjKoMcZZEsksX30le6f/4ul4E28gegw==}
    engines: {node: '>= 0.8'}
    dependencies:
      deep-equal: 1.0.1
      http-errors: 1.7.3
    dev: false
    optional: true

  /http-errors/1.7.3:
    resolution: {integrity: sha512-ZTTX0MWrsQ2ZAhA1cejAwDLycFsd7I7nVtnkT3Ol0aqodaKW+0CTZDQ1uBv5whptCnc8e8HeRRJxRs0kmm/Qfw==}
    engines: {node: '>= 0.6'}
    dependencies:
      depd: 1.1.2
      inherits: 2.0.4
      setprototypeof: 1.1.1
      statuses: 1.5.0
      toidentifier: 1.0.0
    dev: false
    optional: true

  /http-errors/1.8.0:
    resolution: {integrity: sha512-4I8r0C5JDhT5VkvI47QktDW75rNlGVsUf/8hzjCC/wkWI/jdTRmBb9aI7erSG82r1bjKY3F6k28WnsVxB1C73A==}
    engines: {node: '>= 0.6'}
    dependencies:
      depd: 1.1.2
      inherits: 2.0.4
      setprototypeof: 1.2.0
      statuses: 1.5.0
      toidentifier: 1.0.0
    dev: false
    optional: true

  /http-status-emojis/2.2.0:
    resolution: {integrity: sha512-ompKtgwpx8ff0hsbpIB7oE4ax1LXoHmftsHHStMELX56ivG3GhofTX8ZHWlUaFKfGjcGjw6G3rPk7dJRXMmbbg==}
    dev: false

  /inherits/2.0.4:
    resolution: {integrity: sha512-k/vGaX4/Yla3WzyMCvTQOXYeIHvqOKtnqBduzTHpzpQZzAskKMhZ2K+EnBiSM9zGSoIFeMpXKxa4dYeZIQqewQ==}
    dev: false

  /ipaddr.js/2.0.0:
    resolution: {integrity: sha512-S54H9mIj0rbxRIyrDMEuuER86LdlgUg9FSeZ8duQb6CUG2iRrA36MYVQBSprTF/ZeAwvyQ5mDGuNvIPM0BIl3w==}
    engines: {node: '>= 10'}
    dev: false

  /is-generator-function/1.0.9:
    resolution: {integrity: sha512-ZJ34p1uvIfptHCN7sFTjGibB9/oBg17sHqzDLfuwhvmN/qLVvIQXRQ8licZQ35WJ8KuEQt/etnnzQFI9C9Ue/A==}
    engines: {node: '>= 0.4'}
    dev: false
    optional: true

  /keygrip/1.1.0:
    resolution: {integrity: sha512-iYSchDJ+liQ8iwbSI2QqsQOvqv58eJCEanyJPJi+Khyu8smkcKSFUCbPwzFcL7YVtZ6eONjqRX/38caJ7QjRAQ==}
    engines: {node: '>= 0.6'}
    dependencies:
      tsscmp: 1.0.6
    dev: false
    optional: true

  /koa-compose/3.2.1:
    resolution: {integrity: sha1-qFzLQLfZhtjlo0Wzoazo6rz1Tec=}
    dependencies:
      any-promise: 1.3.0
    dev: false
    optional: true

  /koa-compose/4.1.0:
    resolution: {integrity: sha512-8ODW8TrDuMYvXRwra/Kh7/rJo9BtOfPc6qO8eAfC80CnCvSjSl0bkRM24X6/XBBEyj0v1nRUQ1LyOy3dbqOWXw==}
    dev: false
    optional: true

  /koa-convert/1.2.0:
    resolution: {integrity: sha1-2kCHXfSd4FOQmNFwC1CCDOvNIdA=}
    engines: {node: '>= 4'}
    dependencies:
      co: 4.6.0
      koa-compose: 3.2.1
    dev: false
    optional: true

  /koa/2.13.1:
    resolution: {integrity: sha512-Lb2Dloc72auj5vK4X4qqL7B5jyDPQaZucc9sR/71byg7ryoD1NCaCm63CShk9ID9quQvDEi1bGR/iGjCG7As3w==}
    engines: {node: ^4.8.4 || ^6.10.1 || ^7.10.1 || >= 8.1.4}
    dependencies:
      accepts: 1.3.7
      cache-content-type: 1.0.1
      content-disposition: 0.5.3
      content-type: 1.0.4
      cookies: 0.8.0
      debug: 3.1.0
      delegates: 1.0.0
      depd: 2.0.0
      destroy: 1.0.4
      encodeurl: 1.0.2
      escape-html: 1.0.3
      fresh: 0.5.2
      http-assert: 1.4.1
      http-errors: 1.8.0
      is-generator-function: 1.0.9
      koa-compose: 4.1.0
      koa-convert: 1.2.0
      on-finished: 2.3.0
      only: 0.0.2
      parseurl: 1.3.3
      statuses: 1.5.0
      type-is: 1.6.18
      vary: 1.1.2
    dev: false
    optional: true

  /media-typer/0.3.0:
    resolution: {integrity: sha1-hxDXrwqmJvj/+hzgAWhUUmMlV0g=}
    engines: {node: '>= 0.6'}
    dev: false
    optional: true

  /milliparsec/2.0.5:
    resolution: {integrity: sha512-5AHZnZ0sFblCHlhb72g03TXX9rdiRzrZOTq6h+jimOrajHNG/0e6bSMugtO7Y8Blx8pUoxy+BhoVbNiQy+eQYA==}
    engines: {node: '>=12.4'}
    optionalDependencies:
      koa: 2.13.1
    dev: false

  /mime-db/1.48.0:
    resolution: {integrity: sha512-FM3QwxV+TnZYQ2aRqhlKBMHxk10lTbMt3bBkMAp54ddrNeVSfcQYOOKuGuy3Ddrm38I04If834fOUSq1yzslJQ==}
    engines: {node: '>= 0.6'}
    dev: false

  /mime-types/2.1.31:
    resolution: {integrity: sha512-XGZnNzm3QvgKxa8dpzyhFTHmpP3l5YNusmne07VUOXxou9CqUqYa/HBy124RqtVh/O2pECas/MOcsDgpilPOPg==}
    engines: {node: '>= 0.6'}
    dependencies:
      mime-db: 1.48.0
    dev: false
    optional: true

  /ms/2.0.0:
    resolution: {integrity: sha1-VgiurfwAvmwpAd9fmGF4jeDVl8g=}
    dev: false
    optional: true

  /negotiator/0.6.2:
    resolution: {integrity: sha512-hZXc7K2e+PgeI1eDBe/10Ard4ekbfrrqG8Ep+8Jmf4JID2bNg7NvCPOZN+kfF574pFQI7mum2AUqDidoKqcTOw==}
    engines: {node: '>= 0.6'}
    dev: false

  /on-finished/2.3.0:
    resolution: {integrity: sha1-IPEzZIGwg811M3mSoWlxqi2QaUc=}
    engines: {node: '>= 0.8'}
    dependencies:
      ee-first: 1.1.1
    dev: false
    optional: true

  /only/0.0.2:
    resolution: {integrity: sha1-Kv3oTQPlC5qO3EROMGEKcCle37Q=}
    dev: false
    optional: true

  /packet-reader/1.0.0:
    resolution: {integrity: sha512-HAKu/fG3HpHFO0AA8WE8q2g+gBJaZ9MG7fcKk+IJPLTGAD6Psw4443l+9DGRbOIh3/aXr7Phy0TjilYivJo5XQ==}
    dev: false

  /parseurl/1.3.3:
    resolution: {integrity: sha512-CiyeOxFT/JZyN5m0z9PfXw4SCBJ6Sygz1Dpl0wqjlhDEGGBP1GnsUVEL0p63hoG1fcj3fHynXi9NYO4nWOL+qQ==}
    engines: {node: '>= 0.8'}
    dev: false
    optional: true

  /pg-connection-string/2.5.0:
    resolution: {integrity: sha512-r5o/V/ORTA6TmUnyWZR9nCj1klXCO2CEKNRlVuJptZe85QuhFayC7WeMic7ndayT5IRIR0S0xFxFi2ousartlQ==}
    dev: false

  /pg-int8/1.0.1:
    resolution: {integrity: sha512-WCtabS6t3c8SkpDBUlb1kjOs7l66xsGdKpIPZsg4wR+B3+u9UAum2odSsF9tnvxg80h4ZxLWMy4pRjOsFIqQpw==}
    engines: {node: '>=4.0.0'}
    dev: false

  /pg-pool/3.3.0_pg@8.6.0:
    resolution: {integrity: sha512-0O5huCql8/D6PIRFAlmccjphLYWC+JIzvUhSzXSpGaf+tjTZc4nn+Lr7mLXBbFJfvwbP0ywDv73EiaBsxn7zdg==}
    peerDependencies:
      pg: '>=8.0'
    dependencies:
      pg: 8.6.0
    dev: false

  /pg-protocol/1.5.0:
    resolution: {integrity: sha512-muRttij7H8TqRNu/DxrAJQITO4Ac7RmX3Klyr/9mJEOBeIpgnF8f9jAfRz5d3XwQZl5qBjF9gLsUtMPJE0vezQ==}
    dev: false

  /pg-types/2.2.0:
    resolution: {integrity: sha512-qTAAlrEsl8s4OiEQY69wDvcMIdQN6wdz5ojQiOy6YRMuynxenON0O5oCpJI6lshc6scgAY8qvJ2On/p+CXY0GA==}
    engines: {node: '>=4'}
    dependencies:
      pg-int8: 1.0.1
      postgres-array: 2.0.0
      postgres-bytea: 1.0.0
      postgres-date: 1.0.7
      postgres-interval: 1.2.0
    dev: false

  /pg/8.6.0:
    resolution: {integrity: sha512-qNS9u61lqljTDFvmk/N66EeGq3n6Ujzj0FFyNMGQr6XuEv4tgNTXvJQTfJdcvGit5p5/DWPu+wj920hAJFI+QQ==}
    engines: {node: '>= 8.0.0'}
    peerDependencies:
      pg-native: '>=2.0.0'
    peerDependenciesMeta:
      pg-native:
        optional: true
    dependencies:
      buffer-writer: 2.0.0
      packet-reader: 1.0.0
      pg-connection-string: 2.5.0
      pg-pool: 3.3.0_pg@8.6.0
      pg-protocol: 1.5.0
      pg-types: 2.2.0
      pgpass: 1.0.4
    dev: false

  /pgpass/1.0.4:
    resolution: {integrity: sha512-YmuA56alyBq7M59vxVBfPJrGSozru8QAdoNlWuW3cz8l+UX3cWge0vTvjKhsSHSJpo3Bom8/Mm6hf0TR5GY0+w==}
    dependencies:
      split2: 3.2.2
    dev: false

  /postgres-array/2.0.0:
    resolution: {integrity: sha512-VpZrUqU5A69eQyW2c5CA1jtLecCsN2U/bD6VilrFDWq5+5UIEVO7nazS3TEcHf1zuPYO/sqGvUvW62g86RXZuA==}
    engines: {node: '>=4'}
    dev: false

  /postgres-bytea/1.0.0:
    resolution: {integrity: sha1-AntTPAqokOJtFy1Hz5zOzFIazTU=}
    engines: {node: '>=0.10.0'}
    dev: false

  /postgres-date/1.0.7:
    resolution: {integrity: sha512-suDmjLVQg78nMK2UZ454hAG+OAW+HQPZ6n++TNDUX+L0+uUlLywnoxJKDou51Zm+zTCjrCl0Nq6J9C5hP9vK/Q==}
    engines: {node: '>=0.10.0'}
    dev: false

  /postgres-interval/1.2.0:
    resolution: {integrity: sha512-9ZhXKM/rw350N1ovuWHbGxnGh/SNJ4cnxHiM0rxE4VN41wsg8P8zWn9hv/buK00RP4WvlOyr/RBDiptyxVbkZQ==}
    engines: {node: '>=0.10.0'}
    dependencies:
      xtend: 4.0.2
    dev: false

  /range-parser/1.2.1:
    resolution: {integrity: sha512-Hrgsx+orqoygnmhFbKaHE6c296J+HTAQXoxEF6gNupROmmGJRoyzfG3ccAveqCBrwr/2yxQ5BVd/GTl5agOwSg==}
    engines: {node: '>= 0.6'}
    dev: false

  /readable-stream/3.6.0:
    resolution: {integrity: sha512-BViHy7LKeTz4oNnkcLJ+lVSL6vpiFeX6/d3oSH8zCW7UxP2onchk+vTGB143xuFjHS3deTgkKoXXymXqymiIdA==}
    engines: {node: '>= 6'}
    dependencies:
      inherits: 2.0.4
      string_decoder: 1.3.0
      util-deprecate: 1.0.2
    dev: false

  /regexparam/2.0.0:
    resolution: {integrity: sha512-gJKwd2MVPWHAIFLsaYDZfyKzHNS4o7E/v8YmNf44vmeV2e4YfVoDToTOKTvE7ab68cRJ++kLuEXJBaEeJVt5ow==}
    engines: {node: '>=8'}
    dev: false

  /safe-buffer/5.1.2:
    resolution: {integrity: sha512-Gd2UZBJDkXlY7GbJxfsE8/nvKkUEU1G38c1siN6QP6a9PT9MmHB8GnpscSmMJSoF8LOIrt8ud/wPtojys4G6+g==}
    dev: false
    optional: true

  /safe-buffer/5.2.1:
    resolution: {integrity: sha512-rp3So07KcdmmKbGvgaNxQSJr7bGVSVk5S9Eq1F+ppbRo70+YeaDxkw5Dd8NPN+GD6bjnYm2VuPuCXmpuYvmCXQ==}
    dev: false

  /setprototypeof/1.1.1:
    resolution: {integrity: sha512-JvdAWfbXeIGaZ9cILp38HntZSFSo3mWg6xGcJJsd+d4aRMOqauag1C63dJfDw7OaMYwEbHMOxEZ1lqVRYP2OAw==}
    dev: false
    optional: true

  /setprototypeof/1.2.0:
    resolution: {integrity: sha512-E5LDX7Wrp85Kil5bhZv46j8jOeboKq5JMmYM3gVGdGH8xFpPWXUMsNrlODCrkoxMEeNi/XZIwuRvY4XNwYMJpw==}
    dev: false
    optional: true

  /split2/3.2.2:
    resolution: {integrity: sha512-9NThjpgZnifTkJpzTZ7Eue85S49QwpNhZTq6GRJwObb6jnLFNGB7Qm73V5HewTROPyxD0C29xqmaI68bQtV+hg==}
    dependencies:
      readable-stream: 3.6.0
    dev: false

  /statuses/1.5.0:
    resolution: {integrity: sha1-Fhx9rBd2Wf2YEfQ3cfqZOBR4Yow=}
    engines: {node: '>= 0.6'}
    dev: false
    optional: true

  /string_decoder/1.3.0:
    resolution: {integrity: sha512-hkRX8U1WjJFd8LsDJ2yQ/wWWxaopEsABU1XfkM8A+j0+85JAGppt16cr1Whg6KIbb4okU6Mql6BOj+uup/wKeA==}
    dependencies:
      safe-buffer: 5.2.1
    dev: false

  /tinyws/0.0.4_ws@7.4.6:
    resolution: {integrity: sha512-zZU7WnVSpI3HciZ82PWfEM7SAW2OJbAOpPKob7dF9wRwo5X9HTpGrfsvSm3HhhgOoK07W4og1VB7EkgnWAP45w==}
    engines: {node: '>=12.4'}
    peerDependencies:
      ws: '>=7'
    dependencies:
      ws: 7.4.6
    dev: false

  /toidentifier/1.0.0:
    resolution: {integrity: sha512-yaOH/Pk/VEhBWWTlhI+qXxDFXlejDGcQipMlyxda9nthulaxLZUNcUqFxokp0vcYnvteJln5FNQDRrxj3YcbVw==}
    engines: {node: '>=0.6'}
    dev: false
    optional: true

  /tsscmp/1.0.6:
    resolution: {integrity: sha512-LxhtAkPDTkVCMQjt2h6eBVY28KCjikZqZfMcC15YBeNjkgUpdCfBu5HoiOTDu86v6smE8yOjyEktJ8hlbANHQA==}
    engines: {node: '>=0.6.x'}
    dev: false
    optional: true

  /type-is/1.6.18:
    resolution: {integrity: sha512-TkRKr9sUTxEH8MdfuCSP7VizJyzRNMjj2J2do2Jr3Kym598JVdEksuzPQCnlFPW4ky9Q+iA+ma9BGm06XQBy8g==}
    engines: {node: '>= 0.6'}
    dependencies:
      media-typer: 0.3.0
      mime-types: 2.1.31
    dev: false
    optional: true

  /util-deprecate/1.0.2:
    resolution: {integrity: sha1-RQ1Nyfpw3nMnYvvS1KKJgUGaDM8=}
    dev: false

  /vary/1.1.2:
    resolution: {integrity: sha1-IpnwLG3tMNSllhsLn3RSShj2NPw=}
    engines: {node: '>= 0.8'}
    dev: false
    optional: true

  /ws/7.4.6:
    resolution: {integrity: sha512-YmhHDO4MzaDLB+M9ym/mDA5z0naX8j7SIlT8f8z+I0VtzsRbekxEutHSme7NPS2qE8StCYQNUnfWdXta/Yu85A==}
    engines: {node: '>=8.3.0'}
    peerDependencies:
      bufferutil: ^4.0.1
      utf-8-validate: ^5.0.2
    peerDependenciesMeta:
      bufferutil:
        optional: true
      utf-8-validate:
        optional: true
    dev: false

  /xtend/4.0.2:
    resolution: {integrity: sha512-LKYU1iAXJXUgAXn9URjiu+MWhyUXHsvfp7mcuYm9dSUKK0/CjtrUwFAxD82/mCWbtLsGjFIad0wIsod4zrTAEQ==}
    engines: {node: '>=0.4'}
    dev: false

  /ylru/1.2.1:
    resolution: {integrity: sha512-faQrqNMzcPCHGVC2aaOINk13K+aaBDUPjGWl0teOXywElLjyVAB6Oe2jj62jHYtwsU49jXhScYbvPENK+6zAvQ==}
    engines: {node: '>= 4.0.0'}
    dev: false
    optional: true
